
Microsoft Visual Studio Solution File, Format Version 12.00
# Visual Studio Version 17
VisualStudioVersion = 17.4.33403.182
MinimumVisualStudioVersion = 10.0.40219.1
Project("{FAE04EC0-301F-11D3-BF4B-00C04F79EFBC}") = "Player Management", "Player Management\Player Management.csproj", "{7ADB0CBA-69BA-44AC-9052-9C1A7FFBD35C}"
EndProject
Global
	GlobalSection(SolutionConfigurationPlatforms) = preSolution
		Debug|Any CPU = Debug|Any CPU
		Release|Any CPU = Release|Any CPU
	EndGlobalSection
	GlobalSection(ProjectConfigurationPlatforms) = postSolution
		{7ADB0CBA-69BA-44AC-9052-9C1A7FFBD35C}.Debug|Any CPU.ActiveCfg = Debug|Any CPU
		{7ADB0CBA-69BA-44AC-9052-9C1A7FFBD35C}.Debug|Any CPU.Build.0 = Debug|Any CPU
		{7ADB0CBA-69BA-44AC-9052-9C1A7FFBD35C}.Release|Any CPU.ActiveCfg = Release|Any CPU
		{7ADB0CBA-69BA-44AC-9052-9C1A7FFBD35C}.Release|Any CPU.Build.0 = Release|Any CPU
	EndGlobalSection
	GlobalSection(SolutionProperties) = preSolution
		HideSolutionNode = FALSE
	EndGlobalSection
	GlobalSection(ExtensibilityGlobals) = postSolution
		SolutionGuid = {3F5AD7BC-0CB2-4CEA-971C-B8121843FD89}
	EndGlobalSection
EndGlobal
